
Microsoft Visual Studio Solution File, Format Version 12.00
# Visual Studio 15
VisualStudioVersion = 15.0.28307.168
MinimumVisualStudioVersion = 10.0.40219.1
Project("{9A19103F-16F7-4668-BE54-9A1E7A4F7556}") = "MasGlobalTest.Business", "MasGlobalTest.Business\MasGlobalTest.Business.csproj", "{6DE1029D-8612-4F38-8096-5091717084A3}"
EndProject
Project("{FAE04EC0-301F-11D3-BF4B-00C04F79EFBC}") = "MasGlobalTest.UI", "MasGlobalTest.UI\MasGlobalTest.UI.csproj", "{D1842C14-1126-4F78-BB6A-44EF5A96FFAA}"
EndProject
Project("{FAE04EC0-301F-11D3-BF4B-00C04F79EFBC}") = "MasGlobalTest.DataAccess", "MasGlobalTest.DataAccess\MasGlobalTest.DataAccess.csproj", "{9D56F817-EBA5-4487-AB10-B06A36AAFE1C}"
EndProject
Global
	GlobalSection(SolutionConfigurationPlatforms) = preSolution
		Debug|Any CPU = Debug|Any CPU
		Release|Any CPU = Release|Any CPU
	EndGlobalSection
	GlobalSection(ProjectConfigurationPlatforms) = postSolution
		{6DE1029D-8612-4F38-8096-5091717084A3}.Debug|Any CPU.ActiveCfg = Debug|Any CPU
		{6DE1029D-8612-4F38-8096-5091717084A3}.Debug|Any CPU.Build.0 = Debug|Any CPU
		{6DE1029D-8612-4F38-8096-5091717084A3}.Release|Any CPU.ActiveCfg = Release|Any CPU
		{6DE1029D-8612-4F38-8096-5091717084A3}.Release|Any CPU.Build.0 = Release|Any CPU
		{D1842C14-1126-4F78-BB6A-44EF5A96FFAA}.Debug|Any CPU.ActiveCfg = Debug|Any CPU
		{D1842C14-1126-4F78-BB6A-44EF5A96FFAA}.Debug|Any CPU.Build.0 = Debug|Any CPU
		{D1842C14-1126-4F78-BB6A-44EF5A96FFAA}.Release|Any CPU.ActiveCfg = Release|Any CPU
		{D1842C14-1126-4F78-BB6A-44EF5A96FFAA}.Release|Any CPU.Build.0 = Release|Any CPU
		{9D56F817-EBA5-4487-AB10-B06A36AAFE1C}.Debug|Any CPU.ActiveCfg = Debug|Any CPU
		{9D56F817-EBA5-4487-AB10-B06A36AAFE1C}.Debug|Any CPU.Build.0 = Debug|Any CPU
		{9D56F817-EBA5-4487-AB10-B06A36AAFE1C}.Release|Any CPU.ActiveCfg = Release|Any CPU
		{9D56F817-EBA5-4487-AB10-B06A36AAFE1C}.Release|Any CPU.Build.0 = Release|Any CPU
	EndGlobalSection
	GlobalSection(SolutionProperties) = preSolution
		HideSolutionNode = FALSE
	EndGlobalSection
	GlobalSection(ExtensibilityGlobals) = postSolution
		SolutionGuid = {B639AE0B-8C3D-43CA-A5C4-8E0A077833FB}
	EndGlobalSection
EndGlobal
